
Microsoft Visual Studio Solution File, Format Version 12.00
# Visual Studio Version 16
VisualStudioVersion = 16.0.29306.81
MinimumVisualStudioVersion = 10.0.40219.1
Project("{8BC9CEB8-8B4A-11D0-8D11-00A0C91BC942}") = "Parser", "Parser\Parser.vcxproj", "{63195DBC-CA01-4B94-9357-A13B6FC54154}"
EndProject
Global
	GlobalSection(SolutionConfigurationPlatforms) = preSolution
		Debug|x64 = Debug|x64
		Debug|x86 = Debug|x86
		Release|x64 = Release|x64
		Release|x86 = Release|x86
	EndGlobalSection
	GlobalSection(ProjectConfigurationPlatforms) = postSolution
		{63195DBC-CA01-4B94-9357-A13B6FC54154}.Debug|x64.ActiveCfg = Debug|x64
		{63195DBC-CA01-4B94-9357-A13B6FC54154}.Debug|x64.Build.0 = Debug|x64
		{63195DBC-CA01-4B94-9357-A13B6FC54154}.Debug|x86.ActiveCfg = Debug|Win32
		{63195DBC-CA01-4B94-9357-A13B6FC54154}.Debug|x86.Build.0 = Debug|Win32
		{63195DBC-CA01-4B94-9357-A13B6FC54154}.Release|x64.ActiveCfg = Release|x64
		{63195DBC-CA01-4B94-9357-A13B6FC54154}.Release|x64.Build.0 = Release|x64
		{63195DBC-CA01-4B94-9357-A13B6FC54154}.Release|x86.ActiveCfg = Release|Win32
		{63195DBC-CA01-4B94-9357-A13B6FC54154}.Release|x86.Build.0 = Release|Win32
	EndGlobalSection
	GlobalSection(SolutionProperties) = preSolution
		HideSolutionNode = FALSE
	EndGlobalSection
	GlobalSection(ExtensibilityGlobals) = postSolution
		SolutionGuid = {15B3C1CB-F442-4AA0-B3E0-2C8BBD9957EA}
	EndGlobalSection
EndGlobal
